// !$*UTF8*$!
{
	archiveVersion = 1;
	classes = {
	};
	objectVersion = 50;
	objects = {

/* Begin PBXBuildFile section */
		9904BC9E2660A975000FC564 /* EditableText.swift in Sources */ = {isa = PBXBuildFile; fileRef = 9904BC9D2660A975000FC564 /* EditableText.swift */; };
		99282C3825E4C96B001751A9 /* MemorizeApp.swift in Sources */ = {isa = PBXBuildFile; fileRef = 99282C3725E4C96B001751A9 /* MemorizeApp.swift */; };
		99282C3A25E4C96B001751A9 /* ContentView.swift in Sources */ = {isa = PBXBuildFile; fileRef = 99282C3925E4C96B001751A9 /* ContentView.swift */; };
		99282C3C25E4C96B001751A9 /* Assets.xcassets in Resources */ = {isa = PBXBuildFile; fileRef = 99282C3B25E4C96B001751A9 /* Assets.xcassets */; };
		99282C3F25E4C96B001751A9 /* Preview Assets.xcassets in Resources */ = {isa = PBXBuildFile; fileRef = 99282C3E25E4C96B001751A9 /* Preview Assets.xcassets */; };
		992F526E265C2322008262E7 /* cardColor.swift in Sources */ = {isa = PBXBuildFile; fileRef = 992F526D265C2322008262E7 /* cardColor.swift */; };
		992F5270265C2C2B008262E7 /* EmojiMemoryTheme.swift in Sources */ = {isa = PBXBuildFile; fileRef = 992F526F265C2C2B008262E7 /* EmojiMemoryTheme.swift */; };
		9955BEFB2649A38B0093BDDC /* Cardify.swift in Sources */ = {isa = PBXBuildFile; fileRef = 9955BEFA2649A38B0093BDDC /* Cardify.swift */; };
		996088E925ED6A6C001DDDC8 /* MemoryGame.swift in Sources */ = {isa = PBXBuildFile; fileRef = 996088E825ED6A6C001DDDC8 /* MemoryGame.swift */; };
		996088EC25ED6C5A001DDDC8 /* EmojiMemoryGame.swift in Sources */ = {isa = PBXBuildFile; fileRef = 996088EB25ED6C5A001DDDC8 /* EmojiMemoryGame.swift */; };
		996202112645EC41001AB169 /* Pie.swift in Sources */ = {isa = PBXBuildFile; fileRef = 996202102645EC41001AB169 /* Pie.swift */; };
		9976E77F265F2A8700463C05 /* ChooseTheme.swift in Sources */ = {isa = PBXBuildFile; fileRef = 9976E77E265F2A8700463C05 /* ChooseTheme.swift */; };
		9976E783265F2D7100463C05 /* ThemeDocument.swift in Sources */ = {isa = PBXBuildFile; fileRef = 9976E782265F2D7100463C05 /* ThemeDocument.swift */; };
		99BC1DFD2641F73200CF136C /* GridLayout.swift in Sources */ = {isa = PBXBuildFile; fileRef = 99BC1DFC2641F73200CF136C /* GridLayout.swift */; };
		99BC1DFF2642081300CF136C /* Array+Identifiable.swift in Sources */ = {isa = PBXBuildFile; fileRef = 99BC1DFE2642081300CF136C /* Array+Identifiable.swift */; };
		99BC1E012642FE6800CF136C /* Array + Only.swift in Sources */ = {isa = PBXBuildFile; fileRef = 99BC1E002642FE6800CF136C /* Array + Only.swift */; };
		99D3A2B22640FCCB00A21617 /* Grid.swift in Sources */ = {isa = PBXBuildFile; fileRef = 99D3A2B12640FCCB00A21617 /* Grid.swift */; };
/* End PBXBuildFile section */

/* Begin PBXFileReference section */
		9904BC9D2660A975000FC564 /* EditableText.swift */ = {isa = PBXFileReference; fileEncoding = 4; lastKnownFileType = sourcecode.swift; path = EditableText.swift; sourceTree = "<group>"; };
		99282C3425E4C96B001751A9 /* Memorize.app */ = {isa = PBXFileReference; explicitFileType = wrapper.application; includeInIndex = 0; path = Memorize.app; sourceTree = BUILT_PRODUCTS_DIR; };
		99282C3725E4C96B001751A9 /* MemorizeApp.swift */ = {isa = PBXFileReference; lastKnownFileType = sourcecode.swift; path = MemorizeApp.swift; sourceTree = "<group>"; };
		99282C3925E4C96B001751A9 /* ContentView.swift */ = {isa = PBXFileReference; lastKnownFileType = sourcecode.swift; path = ContentView.swift; sourceTree = "<group>"; };
		99282C3B25E4C96B001751A9 /* Assets.xcassets */ = {isa = PBXFileReference; lastKnownFileType = folder.assetcatalog; path = Assets.xcassets; sourceTree = "<group>"; };
		99282C3E25E4C96B001751A9 /* Preview Assets.xcassets */ = {isa = PBXFileReference; lastKnownFileType = folder.assetcatalog; path = "Preview Assets.xcassets"; sourceTree = "<group>"; };
		99282C4025E4C96B001751A9 /* Info.plist */ = {isa = PBXFileReference; lastKnownFileType = text.plist.xml; path = Info.plist; sourceTree = "<group>"; };
		992F526D265C2322008262E7 /* cardColor.swift */ = {isa = PBXFileReference; lastKnownFileType = sourcecode.swift; path = cardColor.swift; sourceTree = "<group>"; };
		992F526F265C2C2B008262E7 /* EmojiMemoryTheme.swift */ = {isa = PBXFileReference; lastKnownFileType = sourcecode.swift; path = EmojiMemoryTheme.swift; sourceTree = "<group>"; };
		9955BEFA2649A38B0093BDDC /* Cardify.swift */ = {isa = PBXFileReference; lastKnownFileType = sourcecode.swift; path = Cardify.swift; sourceTree = "<group>"; };
		996088E825ED6A6C001DDDC8 /* MemoryGame.swift */ = {isa = PBXFileReference; lastKnownFileType = sourcecode.swift; path = MemoryGame.swift; sourceTree = "<group>"; };
		996088EB25ED6C5A001DDDC8 /* EmojiMemoryGame.swift */ = {isa = PBXFileReference; lastKnownFileType = sourcecode.swift; path = EmojiMemoryGame.swift; sourceTree = "<group>"; };
		996202102645EC41001AB169 /* Pie.swift */ = {isa = PBXFileReference; lastKnownFileType = sourcecode.swift; path = Pie.swift; sourceTree = "<group>"; };
		9976E77E265F2A8700463C05 /* ChooseTheme.swift */ = {isa = PBXFileReference; lastKnownFileType = sourcecode.swift; path = ChooseTheme.swift; sourceTree = "<group>"; };
		9976E782265F2D7100463C05 /* ThemeDocument.swift */ = {isa = PBXFileReference; lastKnownFileType = sourcecode.swift; path = ThemeDocument.swift; sourceTree = "<group>"; };
		99BC1DFC2641F73200CF136C /* GridLayout.swift */ = {isa = PBXFileReference; fileEncoding = 4; lastKnownFileType = sourcecode.swift; path = GridLayout.swift; sourceTree = "<group>"; };
		99BC1DFE2642081300CF136C /* Array+Identifiable.swift */ = {isa = PBXFileReference; lastKnownFileType = sourcecode.swift; path = "Array+Identifiable.swift"; sourceTree = "<group>"; };
		99BC1E002642FE6800CF136C /* Array + Only.swift */ = {isa = PBXFileReference; lastKnownFileType = sourcecode.swift; path = "Array + Only.swift"; sourceTree = "<group>"; };
		99D3A2B12640FCCB00A21617 /* Grid.swift */ = {isa = PBXFileReference; lastKnownFileType = sourcecode.swift; path = Grid.swift; sourceTree = "<group>"; };
/* End PBXFileReference section */

/* Begin PBXFrameworksBuildPhase section */
		99282C3125E4C96B001751A9 /* Frameworks */ = {
			isa = PBXFrameworksBuildPhase;
			buildActionMask = 2147483647;
			files = (
			);
			runOnlyForDeploymentPostprocessing = 0;
		};
/* End PBXFrameworksBuildPhase section */

/* Begin PBXGroup section */
		99282C2B25E4C96B001751A9 = {
			isa = PBXGroup;
			children = (
				99282C3625E4C96B001751A9 /* Memorize */,
				99282C3525E4C96B001751A9 /* Products */,
			);
			sourceTree = "<group>";
		};
		99282C3525E4C96B001751A9 /* Products */ = {
			isa = PBXGroup;
			children = (
				99282C3425E4C96B001751A9 /* Memorize.app */,
			);
			name = Products;
			sourceTree = "<group>";
		};
		99282C3625E4C96B001751A9 /* Memorize */ = {
			isa = PBXGroup;
			children = (
				9904BC9D2660A975000FC564 /* EditableText.swift */,
				992F526F265C2C2B008262E7 /* EmojiMemoryTheme.swift */,
				992F526D265C2322008262E7 /* cardColor.swift */,
				996202102645EC41001AB169 /* Pie.swift */,
				9955BEFA2649A38B0093BDDC /* Cardify.swift */,
				99D3A2B12640FCCB00A21617 /* Grid.swift */,
				99BC1DFE2642081300CF136C /* Array+Identifiable.swift */,
				99282C3725E4C96B001751A9 /* MemorizeApp.swift */,
				99BC1DFC2641F73200CF136C /* GridLayout.swift */,
				99282C3925E4C96B001751A9 /* ContentView.swift */,
				996088EB25ED6C5A001DDDC8 /* EmojiMemoryGame.swift */,
				996088E825ED6A6C001DDDC8 /* MemoryGame.swift */,
				99BC1E002642FE6800CF136C /* Array + Only.swift */,
				99282C3B25E4C96B001751A9 /* Assets.xcassets */,
				99282C4025E4C96B001751A9 /* Info.plist */,
				99282C3D25E4C96B001751A9 /* Preview Content */,
				9976E77E265F2A8700463C05 /* ChooseTheme.swift */,
				9976E782265F2D7100463C05 /* ThemeDocument.swift */,
			);
			path = Memorize;
			sourceTree = "<group>";
		};
		99282C3D25E4C96B001751A9 /* Preview Content */ = {
			isa = PBXGroup;
			children = (
				99282C3E25E4C96B001751A9 /* Preview Assets.xcassets */,
			);
			path = "Preview Content";
			sourceTree = "<group>";
		};
/* End PBXGroup section */

/* Begin PBXNativeTarget section */
		99282C3325E4C96B001751A9 /* Memorize */ = {
			isa = PBXNativeTarget;
			buildConfigurationList = 99282C4325E4C96B001751A9 /* Build configuration list for PBXNativeTarget "Memorize" */;
			buildPhases = (
				99282C3025E4C96B001751A9 /* Sources */,
				99282C3125E4C96B001751A9 /* Frameworks */,
				99282C3225E4C96B001751A9 /* Resources */,
			);
			buildRules = (
			);
			dependencies = (
			);
			name = Memorize;
			productName = Memorize;
			productReference = 99282C3425E4C96B001751A9 /* Memorize.app */;
			productType = "com.apple.product-type.application";
		};
/* End PBXNativeTarget section */

/* Begin PBXProject section */
		99282C2C25E4C96B001751A9 /* Project object */ = {
			isa = PBXProject;
			attributes = {
				LastSwiftUpdateCheck = 1240;
				LastUpgradeCheck = 1240;
				TargetAttributes = {
					99282C3325E4C96B001751A9 = {
						CreatedOnToolsVersion = 12.4;
					};
				};
			};
			buildConfigurationList = 99282C2F25E4C96B001751A9 /* Build configuration list for PBXProject "Memorize" */;
			compatibilityVersion = "Xcode 9.3";
			developmentRegion = en;
			hasScannedForEncodings = 0;
			knownRegions = (
				en,
				Base,
			);
			mainGroup = 99282C2B25E4C96B001751A9;
			productRefGroup = 99282C3525E4C96B001751A9 /* Products */;
			projectDirPath = "";
			projectRoot = "";
			targets = (
				99282C3325E4C96B001751A9 /* Memorize */,
			);
		};
/* End PBXProject section */

/* Begin PBXResourcesBuildPhase section */
		99282C3225E4C96B001751A9 /* Resources */ = {
			isa = PBXResourcesBuildPhase;
			buildActionMask = 2147483647;
			files = (
				99282C3F25E4C96B001751A9 /* Preview Assets.xcassets in Resources */,
				99282C3C25E4C96B001751A9 /* Assets.xcassets in Resources */,
			);
			runOnlyForDeploymentPostprocessing = 0;
		};
/* End PBXResourcesBuildPhase section */

/* Begin PBXSourcesBuildPhase section */
		99282C3025E4C96B001751A9 /* Sources */ = {
			isa = PBXSourcesBuildPhase;
			buildActionMask = 2147483647;
			files = (
				996088E925ED6A6C001DDDC8 /* MemoryGame.swift in Sources */,
				99BC1E012642FE6800CF136C /* Array + Only.swift in Sources */,
				99282C3A25E4C96B001751A9 /* ContentView.swift in Sources */,
				992F526E265C2322008262E7 /* cardColor.swift in Sources */,
				996202112645EC41001AB169 /* Pie.swift in Sources */,
				992F5270265C2C2B008262E7 /* EmojiMemoryTheme.swift in Sources */,
				9976E77F265F2A8700463C05 /* ChooseTheme.swift in Sources */,
				99282C3825E4C96B001751A9 /* MemorizeApp.swift in Sources */,
				99BC1DFD2641F73200CF136C /* GridLayout.swift in Sources */,
				99D3A2B22640FCCB00A21617 /* Grid.swift in Sources */,
				9904BC9E2660A975000FC564 /* EditableText.swift in Sources */,
				9976E783265F2D7100463C05 /* ThemeDocument.swift in Sources */,
				99BC1DFF2642081300CF136C /* Array+Identifiable.swift in Sources */,
				9955BEFB2649A38B0093BDDC /* Cardify.swift in Sources */,
				996088EC25ED6C5A001DDDC8 /* EmojiMemoryGame.swift in Sources */,
			);
			runOnlyForDeploymentPostprocessing = 0;
		};
/* End PBXSourcesBuildPhase section */

/* Begin XCBuildConfiguration section */
		99282C4125E4C96B001751A9 /* Debug */ = {
			isa = XCBuildConfiguration;
			buildSettings = {
				ALWAYS_SEARCH_USER_PATHS = NO;
				CLANG_ANALYZER_NONNULL = YES;
				CLANG_ANALYZER_NUMBER_OBJECT_CONVERSION = YES_AGGRESSIVE;
				CLANG_CXX_LANGUAGE_STANDARD = "gnu++14";
				CLANG_CXX_LIBRARY = "libc++";
				CLANG_ENABLE_MODULES = YES;
				CLANG_ENABLE_OBJC_ARC = YES;
				CLANG_ENABLE_OBJC_WEAK = YES;
				CLANG_WARN_BLOCK_CAPTURE_AUTORELEASING = YES;
				CLANG_WARN_BOOL_CONVERSION = YES;
				CLANG_WARN_COMMA = YES;
				CLANG_WARN_CONSTANT_CONVERSION = YES;
				CLANG_WARN_DEPRECATED_OBJC_IMPLEMENTATIONS = YES;
				CLANG_WARN_DIRECT_OBJC_ISA_USAGE = YES_ERROR;
				CLANG_WARN_DOCUMENTATION_COMMENTS = YES;
				CLANG_WARN_EMPTY_BODY = YES;
				CLANG_WARN_ENUM_CONVERSION = YES;
				CLANG_WARN_INFINITE_RECURSION = YES;
				CLANG_WARN_INT_CONVERSION = YES;
				CLANG_WARN_NON_LITERAL_NULL_CONVERSION = YES;
				CLANG_WARN_OBJC_IMPLICIT_RETAIN_SELF = YES;
				CLANG_WARN_OBJC_LITERAL_CONVERSION = YES;
				CLANG_WARN_OBJC_ROOT_CLASS = YES_ERROR;
				CLANG_WARN_QUOTED_INCLUDE_IN_FRAMEWORK_HEADER = YES;
				CLANG_WARN_RANGE_LOOP_ANALYSIS = YES;
				CLANG_WARN_STRICT_PROTOTYPES = YES;
				CLANG_WARN_SUSPICIOUS_MOVE = YES;
				CLANG_WARN_UNGUARDED_AVAILABILITY = YES_AGGRESSIVE;
				CLANG_WARN_UNREACHABLE_CODE = YES;
				CLANG_WARN__DUPLICATE_METHOD_MATCH = YES;
				COPY_PHASE_STRIP = NO;
				DEBUG_INFORMATION_FORMAT = dwarf;
				ENABLE_STRICT_OBJC_MSGSEND = YES;
				ENABLE_TESTABILITY = YES;
				GCC_C_LANGUAGE_STANDARD = gnu11;
				GCC_DYNAMIC_NO_PIC = NO;
				GCC_NO_COMMON_BLOCKS = YES;
				GCC_OPTIMIZATION_LEVEL = 0;
				GCC_PREPROCESSOR_DEFINITIONS = (
					"DEBUG=1",
					"$(inherited)",
				);
				GCC_WARN_64_TO_32_BIT_CONVERSION = YES;
				GCC_WARN_ABOUT_RETURN_TYPE = YES_ERROR;
				GCC_WARN_UNDECLARED_SELECTOR = YES;
				GCC_WARN_UNINITIALIZED_AUTOS = YES_AGGRESSIVE;
				GCC_WARN_UNUSED_FUNCTION = YES;
				GCC_WARN_UNUSED_VARIABLE = YES;
				IPHONEOS_DEPLOYMENT_TARGET = 14.4;
				MTL_ENABLE_DEBUG_INFO = INCLUDE_SOURCE;
				MTL_FAST_MATH = YES;
				ONLY_ACTIVE_ARCH = YES;
				SDKROOT = iphoneos;
				SWIFT_ACTIVE_COMPILATION_CONDITIONS = DEBUG;
				SWIFT_OPTIMIZATION_LEVEL = "-Onone";
			};
			name = Debug;
		};
		99282C4225E4C96B001751A9 /* Release */ = {
			isa = XCBuildConfiguration;
			buildSettings = {
				ALWAYS_SEARCH_USER_PATHS = NO;
				CLANG_ANALYZER_NONNULL = YES;
				CLANG_ANALYZER_NUMBER_OBJECT_CONVERSION = YES_AGGRESSIVE;
				CLANG_CXX_LANGUAGE_STANDARD = "gnu++14";
				CLANG_CXX_LIBRARY = "libc++";
				CLANG_ENABLE_MODULES = YES;
				CLANG_ENABLE_OBJC_ARC = YES;
				CLANG_ENABLE_OBJC_WEAK = YES;
				CLANG_WARN_BLOCK_CAPTURE_AUTORELEASING = YES;
				CLANG_WARN_BOOL_CONVERSION = YES;
				CLANG_WARN_COMMA = YES;
				CLANG_WARN_CONSTANT_CONVERSION = YES;
				CLANG_WARN_DEPRECATED_OBJC_IMPLEMENTATIONS = YES;
				CLANG_WARN_DIRECT_OBJC_ISA_USAGE = YES_ERROR;
				CLANG_WARN_DOCUMENTATION_COMMENTS = YES;
				CLANG_WARN_EMPTY_BODY = YES;
				CLANG_WARN_ENUM_CONVERSION = YES;
				CLANG_WARN_INFINITE_RECURSION = YES;
				CLANG_WARN_INT_CONVERSION = YES;
				CLANG_WARN_NON_LITERAL_NULL_CONVERSION = YES;
				CLANG_WARN_OBJC_IMPLICIT_RETAIN_SELF = YES;
				CLANG_WARN_OBJC_LITERAL_CONVERSION = YES;
				CLANG_WARN_OBJC_ROOT_CLASS = YES_ERROR;
				CLANG_WARN_QUOTED_INCLUDE_IN_FRAMEWORK_HEADER = YES;
				CLANG_WARN_RANGE_LOOP_ANALYSIS = YES;
				CLANG_WARN_STRICT_PROTOTYPES = YES;
				CLANG_WARN_SUSPICIOUS_MOVE = YES;
				CLANG_WARN_UNGUARDED_AVAILABILITY = YES_AGGRESSIVE;
				CLANG_WARN_UNREACHABLE_CODE = YES;
				CLANG_WARN__DUPLICATE_METHOD_MATCH = YES;
				COPY_PHASE_STRIP = NO;
				DEBUG_INFORMATION_FORMAT = "dwarf-with-dsym";
				ENABLE_NS_ASSERTIONS = NO;
				ENABLE_STRICT_OBJC_MSGSEND = YES;
				GCC_C_LANGUAGE_STANDARD = gnu11;
				GCC_NO_COMMON_BLOCKS = YES;
				GCC_WARN_64_TO_32_BIT_CONVERSION = YES;
				GCC_WARN_ABOUT_RETURN_TYPE = YES_ERROR;
				GCC_WARN_UNDECLARED_SELECTOR = YES;
				GCC_WARN_UNINITIALIZED_AUTOS = YES_AGGRESSIVE;
				GCC_WARN_UNUSED_FUNCTION = YES;
				GCC_WARN_UNUSED_VARIABLE = YES;
				IPHONEOS_DEPLOYMENT_TARGET = 14.4;
				MTL_ENABLE_DEBUG_INFO = NO;
				MTL_FAST_MATH = YES;
				SDKROOT = iphoneos;
				SWIFT_COMPILATION_MODE = wholemodule;
				SWIFT_OPTIMIZATION_LEVEL = "-O";
				VALIDATE_PRODUCT = YES;
			};
			name = Release;
		};
		99282C4425E4C96B001751A9 /* Debug */ = {
			isa = XCBuildConfiguration;
			buildSettings = {
				ASSETCATALOG_COMPILER_APPICON_NAME = AppIcon;
				ASSETCATALOG_COMPILER_GLOBAL_ACCENT_COLOR_NAME = AccentColor;
				CODE_SIGN_STYLE = Automatic;
				DEVELOPMENT_ASSET_PATHS = "\"Memorize/Preview Content\"";
				ENABLE_PREVIEWS = YES;
				INFOPLIST_FILE = Memorize/Info.plist;
				IPHONEOS_DEPLOYMENT_TARGET = 14.0;
				LD_RUNPATH_SEARCH_PATHS = (
					"$(inherited)",
					"@executable_path/Frameworks",
				);
				PRODUCT_BUNDLE_IDENTIFIER = com.test.Memorize;
				PRODUCT_NAME = "$(TARGET_NAME)";
				SWIFT_VERSION = 5.0;
				TARGETED_DEVICE_FAMILY = "1,2";
			};
			name = Debug;
		};
		99282C4525E4C96B001751A9 /* Release */ = {
			isa = XCBuildConfiguration;
			buildSettings = {
				ASSETCATALOG_COMPILER_APPICON_NAME = AppIcon;
				ASSETCATALOG_COMPILER_GLOBAL_ACCENT_COLOR_NAME = AccentColor;
				CODE_SIGN_STYLE = Automatic;
				DEVELOPMENT_ASSET_PATHS = "\"Memorize/Preview Content\"";
				ENABLE_PREVIEWS = YES;
				INFOPLIST_FILE = Memorize/Info.plist;
				IPHONEOS_DEPLOYMENT_TARGET = 14.0;
				LD_RUNPATH_SEARCH_PATHS = (
					"$(inherited)",
					"@executable_path/Frameworks",
				);
				PRODUCT_BUNDLE_IDENTIFIER = com.test.Memorize;
				PRODUCT_NAME = "$(TARGET_NAME)";
				SWIFT_VERSION = 5.0;
				TARGETED_DEVICE_FAMILY = "1,2";
			};
			name = Release;
		};
/* End XCBuildConfiguration section */

/* Begin XCConfigurationList section */
		99282C2F25E4C96B001751A9 /* Build configuration list for PBXProject "Memorize" */ = {
			isa = XCConfigurationList;
			buildConfigurations = (
				99282C4125E4C96B001751A9 /* Debug */,
				99282C4225E4C96B001751A9 /* Release */,
			);
			defaultConfigurationIsVisible = 0;
			defaultConfigurationName = Release;
		};
		99282C4325E4C96B001751A9 /* Build configuration list for PBXNativeTarget "Memorize" */ = {
			isa = XCConfigurationList;
			buildConfigurations = (
				99282C4425E4C96B001751A9 /* Debug */,
				99282C4525E4C96B001751A9 /* Release */,
			);
			defaultConfigurationIsVisible = 0;
			defaultConfigurationName = Release;
		};
/* End XCConfigurationList section */
	};
	rootObject = 99282C2C25E4C96B001751A9 /* Project object */;
}
